
Microsoft Visual Studio Solution File, Format Version 11.00
# Visual Studio 2010
Project("{FAE04EC0-301F-11D3-BF4B-00C04F79EFBC}") = "MMEVS2010", "MMEVS2010\MMEVS2010.csproj", "{8B2CFED8-0519-4F42-AD56-6531688F8E5E}"
EndProject
Project("{FAE04EC0-301F-11D3-BF4B-00C04F79EFBC}") = "MMEContracts", "MMEContracts\MMEContracts.csproj", "{ED21F200-D5D5-46D1-95A2-EE801A97DEAC}"
EndProject
Project("{2150E333-8FDC-42A3-9474-1A3956D46DE8}") = "Lib", "Lib", "{DA585AB8-7A74-4970-A8C3-D0808FB916BD}"
	ProjectSection(SolutionItems) = preProject
		Lib\GlobalAssemblyInfo.cs = Lib\GlobalAssemblyInfo.cs
		Lib\MMEGear.ico = Lib\MMEGear.ico
		Lib\MMEGear.jpg = Lib\MMEGear.jpg
		Lib\MMEL.jpg = Lib\MMEL.jpg
		Lib\MMEPlugin.zip = Lib\MMEPlugin.zip
		Lib\MMES.jpg = Lib\MMES.jpg
		Lib\MMESS.ico = Lib\MMESS.ico
		Lib\MMESS.jpg = Lib\MMESS.jpg
	EndProjectSection
EndProject
Project("{FAE04EC0-301F-11D3-BF4B-00C04F79EFBC}") = "MMEHelper", "MMEHelper\MMEHelper.csproj", "{5A577BD3-AD32-4DC6-8424-A6206171E2AC}"
EndProject
Project("{54435603-DBB4-11D2-8724-00A0C9A8B90C}") = "MMESetup", "MMESetup\MMESetup.vdproj", "{B33DC30E-EFDF-41ED-BE9D-FAFEF454C0A3}"
EndProject
Project("{FAE04EC0-301F-11D3-BF4B-00C04F79EFBC}") = "MMEPlugin", "MMEPlugin\MMEPlugin.csproj", "{558B5E92-D2D1-457D-B3B3-3D405801619B}"
EndProject
Global
	GlobalSection(SolutionConfigurationPlatforms) = preSolution
		Debug|Any CPU = Debug|Any CPU
		Release|Any CPU = Release|Any CPU
	EndGlobalSection
	GlobalSection(ProjectConfigurationPlatforms) = postSolution
		{8B2CFED8-0519-4F42-AD56-6531688F8E5E}.Debug|Any CPU.ActiveCfg = Debug|Any CPU
		{8B2CFED8-0519-4F42-AD56-6531688F8E5E}.Debug|Any CPU.Build.0 = Debug|Any CPU
		{8B2CFED8-0519-4F42-AD56-6531688F8E5E}.Release|Any CPU.ActiveCfg = Release|Any CPU
		{8B2CFED8-0519-4F42-AD56-6531688F8E5E}.Release|Any CPU.Build.0 = Release|Any CPU
		{ED21F200-D5D5-46D1-95A2-EE801A97DEAC}.Debug|Any CPU.ActiveCfg = Debug|Any CPU
		{ED21F200-D5D5-46D1-95A2-EE801A97DEAC}.Debug|Any CPU.Build.0 = Debug|Any CPU
		{ED21F200-D5D5-46D1-95A2-EE801A97DEAC}.Release|Any CPU.ActiveCfg = Release|Any CPU
		{ED21F200-D5D5-46D1-95A2-EE801A97DEAC}.Release|Any CPU.Build.0 = Release|Any CPU
		{5A577BD3-AD32-4DC6-8424-A6206171E2AC}.Debug|Any CPU.ActiveCfg = Debug|Any CPU
		{5A577BD3-AD32-4DC6-8424-A6206171E2AC}.Debug|Any CPU.Build.0 = Debug|Any CPU
		{5A577BD3-AD32-4DC6-8424-A6206171E2AC}.Release|Any CPU.ActiveCfg = Release|Any CPU
		{5A577BD3-AD32-4DC6-8424-A6206171E2AC}.Release|Any CPU.Build.0 = Release|Any CPU
		{B33DC30E-EFDF-41ED-BE9D-FAFEF454C0A3}.Debug|Any CPU.ActiveCfg = Debug
		{B33DC30E-EFDF-41ED-BE9D-FAFEF454C0A3}.Release|Any CPU.ActiveCfg = Release
		{B33DC30E-EFDF-41ED-BE9D-FAFEF454C0A3}.Release|Any CPU.Build.0 = Release
		{558B5E92-D2D1-457D-B3B3-3D405801619B}.Debug|Any CPU.ActiveCfg = Debug|Any CPU
		{558B5E92-D2D1-457D-B3B3-3D405801619B}.Release|Any CPU.ActiveCfg = Release|Any CPU
	EndGlobalSection
	GlobalSection(SolutionProperties) = preSolution
		HideSolutionNode = FALSE
	EndGlobalSection
	GlobalSection(ExtensibilityGlobals) = postSolution
		VisualSVNWorkingCopyRoot = .
	EndGlobalSection
EndGlobal
